// !$*UTF8*$!
{
	archiveVersion = 1;
	classes = {
	};
	objectVersion = 48;
	objects = {

/* Begin PBXBuildFile section */
		01BD4DE31FB3997500A67DCD /* AppDelegate.swift in Sources */ = {isa = PBXBuildFile; fileRef = 01BD4DE21FB3997500A67DCD /* AppDelegate.swift */; };
		01BD4DE51FB3997500A67DCD /* ViewController.swift in Sources */ = {isa = PBXBuildFile; fileRef = 01BD4DE41FB3997500A67DCD /* ViewController.swift */; };
		01BD4DE81FB3997500A67DCD /* Main.storyboard in Resources */ = {isa = PBXBuildFile; fileRef = 01BD4DE61FB3997500A67DCD /* Main.storyboard */; };
		01BD4DEA1FB3997500A67DCD /* Assets.xcassets in Resources */ = {isa = PBXBuildFile; fileRef = 01BD4DE91FB3997500A67DCD /* Assets.xcassets */; };
		01BD4DED1FB3997500A67DCD /* LaunchScreen.storyboard in Resources */ = {isa = PBXBuildFile; fileRef = 01BD4DEB1FB3997500A67DCD /* LaunchScreen.storyboard */; };
/* End PBXBuildFile section */

/* Begin PBXFileReference section */
		01BD4DDF1FB3997500A67DCD /* QuotePro.app */ = {isa = PBXFileReference; explicitFileType = wrapper.application; includeInIndex = 0; path = QuotePro.app; sourceTree = BUILT_PRODUCTS_DIR; };
		01BD4DE21FB3997500A67DCD /* AppDelegate.swift */ = {isa = PBXFileReference; lastKnownFileType = sourcecode.swift; path = AppDelegate.swift; sourceTree = "<group>"; };
		01BD4DE41FB3997500A67DCD /* ViewController.swift */ = {isa = PBXFileReference; lastKnownFileType = sourcecode.swift; path = ViewController.swift; sourceTree = "<group>"; };
		01BD4DE71FB3997500A67DCD /* Base */ = {isa = PBXFileReference; lastKnownFileType = file.storyboard; name = Base; path = Base.lproj/Main.storyboard; sourceTree = "<group>"; };
		01BD4DE91FB3997500A67DCD /* Assets.xcassets */ = {isa = PBXFileReference; lastKnownFileType = folder.assetcatalog; path = Assets.xcassets; sourceTree = "<group>"; };
		01BD4DEC1FB3997500A67DCD /* Base */ = {isa = PBXFileReference; lastKnownFileType = file.storyboard; name = Base; path = Base.lproj/LaunchScreen.storyboard; sourceTree = "<group>"; };
		01BD4DEE1FB3997500A67DCD /* Info.plist */ = {isa = PBXFileReference; lastKnownFileType = text.plist.xml; path = Info.plist; sourceTree = "<group>"; };
/* End PBXFileReference section */

/* Begin PBXFrameworksBuildPhase section */
		01BD4DDC1FB3997500A67DCD /* Frameworks */ = {
			isa = PBXFrameworksBuildPhase;
			buildActionMask = 2147483647;
			files = (
			);
			runOnlyForDeploymentPostprocessing = 0;
		};
/* End PBXFrameworksBuildPhase section */

/* Begin PBXGroup section */
		01BD4DD61FB3997500A67DCD = {
			isa = PBXGroup;
			children = (
				01BD4DE11FB3997500A67DCD /* QuotePro */,
				01BD4DE01FB3997500A67DCD /* Products */,
			);
			sourceTree = "<group>";
		};
		01BD4DE01FB3997500A67DCD /* Products */ = {
			isa = PBXGroup;
			children = (
				01BD4DDF1FB3997500A67DCD /* QuotePro.app */,
			);
			name = Products;
			sourceTree = "<group>";
		};
		01BD4DE11FB3997500A67DCD /* QuotePro */ = {
			isa = PBXGroup;
			children = (
				01BD4DE21FB3997500A67DCD /* AppDelegate.swift */,
				01BD4DE41FB3997500A67DCD /* ViewController.swift */,
				01BD4DE61FB3997500A67DCD /* Main.storyboard */,
				01BD4DE91FB3997500A67DCD /* Assets.xcassets */,
				01BD4DEB1FB3997500A67DCD /* LaunchScreen.storyboard */,
				01BD4DEE1FB3997500A67DCD /* Info.plist */,
			);
			path = QuotePro;
			sourceTree = "<group>";
		};
/* End PBXGroup section */

/* Begin PBXNativeTarget section */
		01BD4DDE1FB3997500A67DCD /* QuotePro */ = {
			isa = PBXNativeTarget;
			buildConfigurationList = 01BD4DF11FB3997500A67DCD /* Build configuration list for PBXNativeTarget "QuotePro" */;
			buildPhases = (
				01BD4DDB1FB3997500A67DCD /* Sources */,
				01BD4DDC1FB3997500A67DCD /* Frameworks */,
				01BD4DDD1FB3997500A67DCD /* Resources */,
			);
			buildRules = (
			);
			dependencies = (
			);
			name = QuotePro;
			productName = QuotePro;
			productReference = 01BD4DDF1FB3997500A67DCD /* QuotePro.app */;
			productType = "com.apple.product-type.application";
		};
/* End PBXNativeTarget section */

/* Begin PBXProject section */
		01BD4DD71FB3997500A67DCD /* Project object */ = {
			isa = PBXProject;
			attributes = {
				LastSwiftUpdateCheck = 0900;
				LastUpgradeCheck = 0900;
				ORGANIZATIONNAME = "Nicholas Fung";
				TargetAttributes = {
					01BD4DDE1FB3997500A67DCD = {
						CreatedOnToolsVersion = 9.0;
						ProvisioningStyle = Automatic;
					};
				};
			};
			buildConfigurationList = 01BD4DDA1FB3997500A67DCD /* Build configuration list for PBXProject "QuotePro" */;
			compatibilityVersion = "Xcode 8.0";
			developmentRegion = en;
			hasScannedForEncodings = 0;
			knownRegions = (
				en,
				Base,
			);
			mainGroup = 01BD4DD61FB3997500A67DCD;
			productRefGroup = 01BD4DE01FB3997500A67DCD /* Products */;
			projectDirPath = "";
			projectRoot = "";
			targets = (
				01BD4DDE1FB3997500A67DCD /* QuotePro */,
			);
		};
/* End PBXProject section */

/* Begin PBXResourcesBuildPhase section */
		01BD4DDD1FB3997500A67DCD /* Resources */ = {
			isa = PBXResourcesBuildPhase;
			buildActionMask = 2147483647;
			files = (
				01BD4DED1FB3997500A67DCD /* LaunchScreen.storyboard in Resources */,
				01BD4DEA1FB3997500A67DCD /* Assets.xcassets in Resources */,
				01BD4DE81FB3997500A67DCD /* Main.storyboard in Resources */,
			);
			runOnlyForDeploymentPostprocessing = 0;
		};
/* End PBXResourcesBuildPhase section */

/* Begin PBXSourcesBuildPhase section */
		01BD4DDB1FB3997500A67DCD /* Sources */ = {
			isa = PBXSourcesBuildPhase;
			buildActionMask = 2147483647;
			files = (
				01BD4DE51FB3997500A67DCD /* ViewController.swift in Sources */,
				01BD4DE31FB3997500A67DCD /* AppDelegate.swift in Sources */,
			);
			runOnlyForDeploymentPostprocessing = 0;
		};
/* End PBXSourcesBuildPhase section */

/* Begin PBXVariantGroup section */
		01BD4DE61FB3997500A67DCD /* Main.storyboard */ = {
			isa = PBXVariantGroup;
			children = (
				01BD4DE71FB3997500A67DCD /* Base */,
			);
			name = Main.storyboard;
			sourceTree = "<group>";
		};
		01BD4DEB1FB3997500A67DCD /* LaunchScreen.storyboard */ = {
			isa = PBXVariantGroup;
			children = (
				01BD4DEC1FB3997500A67DCD /* Base */,
			);
			name = LaunchScreen.storyboard;
			sourceTree = "<group>";
		};
/* End PBXVariantGroup section */

/* Begin XCBuildConfiguration section */
		01BD4DEF1FB3997500A67DCD /* Debug */ = {
			isa = XCBuildConfiguration;
			buildSettings = {
				ALWAYS_SEARCH_USER_PATHS = NO;
				CLANG_ANALYZER_NONNULL = YES;
				CLANG_ANALYZER_NUMBER_OBJECT_CONVERSION = YES_AGGRESSIVE;
				CLANG_CXX_LANGUAGE_STANDARD = "gnu++14";
				CLANG_CXX_LIBRARY = "libc++";
				CLANG_ENABLE_MODULES = YES;
				CLANG_ENABLE_OBJC_ARC = YES;
				CLANG_WARN_BLOCK_CAPTURE_AUTORELEASING = YES;
				CLANG_WARN_BOOL_CONVERSION = YES;
				CLANG_WARN_COMMA = YES;
				CLANG_WARN_CONSTANT_CONVERSION = YES;
				CLANG_WARN_DIRECT_OBJC_ISA_USAGE = YES_ERROR;
				CLANG_WARN_DOCUMENTATION_COMMENTS = YES;
				CLANG_WARN_EMPTY_BODY = YES;
				CLANG_WARN_ENUM_CONVERSION = YES;
				CLANG_WARN_INFINITE_RECURSION = YES;
				CLANG_WARN_INT_CONVERSION = YES;
				CLANG_WARN_NON_LITERAL_NULL_CONVERSION = YES;
				CLANG_WARN_OBJC_LITERAL_CONVERSION = YES;
				CLANG_WARN_OBJC_ROOT_CLASS = YES_ERROR;
				CLANG_WARN_RANGE_LOOP_ANALYSIS = YES;
				CLANG_WARN_STRICT_PROTOTYPES = YES;
				CLANG_WARN_SUSPICIOUS_MOVE = YES;
				CLANG_WARN_UNGUARDED_AVAILABILITY = YES_AGGRESSIVE;
				CLANG_WARN_UNREACHABLE_CODE = YES;
				CLANG_WARN__DUPLICATE_METHOD_MATCH = YES;
				CODE_SIGN_IDENTITY = "iPhone Developer";
				COPY_PHASE_STRIP = NO;
				DEBUG_INFORMATION_FORMAT = dwarf;
				ENABLE_STRICT_OBJC_MSGSEND = YES;
				ENABLE_TESTABILITY = YES;
				GCC_C_LANGUAGE_STANDARD = gnu11;
				GCC_DYNAMIC_NO_PIC = NO;
				GCC_NO_COMMON_BLOCKS = YES;
				GCC_OPTIMIZATION_LEVEL = 0;
				GCC_PREPROCESSOR_DEFINITIONS = (
					"DEBUG=1",
					"$(inherited)",
				);
				GCC_WARN_64_TO_32_BIT_CONVERSION = YES;
				GCC_WARN_ABOUT_RETURN_TYPE = YES_ERROR;
				GCC_WARN_UNDECLARED_SELECTOR = YES;
				GCC_WARN_UNINITIALIZED_AUTOS = YES_AGGRESSIVE;
				GCC_WARN_UNUSED_FUNCTION = YES;
				GCC_WARN_UNUSED_VARIABLE = YES;
				IPHONEOS_DEPLOYMENT_TARGET = 11.0;
				MTL_ENABLE_DEBUG_INFO = YES;
				ONLY_ACTIVE_ARCH = YES;
				SDKROOT = iphoneos;
				SWIFT_ACTIVE_COMPILATION_CONDITIONS = DEBUG;
				SWIFT_OPTIMIZATION_LEVEL = "-Onone";
			};
			name = Debug;
		};
		01BD4DF01FB3997500A67DCD /* Release */ = {
			isa = XCBuildConfiguration;
			buildSettings = {
				ALWAYS_SEARCH_USER_PATHS = NO;
				CLANG_ANALYZER_NONNULL = YES;
				CLANG_ANALYZER_NUMBER_OBJECT_CONVERSION = YES_AGGRESSIVE;
				CLANG_CXX_LANGUAGE_STANDARD = "gnu++14";
				CLANG_CXX_LIBRARY = "libc++";
				CLANG_ENABLE_MODULES = YES;
				CLANG_ENABLE_OBJC_ARC = YES;
				CLANG_WARN_BLOCK_CAPTURE_AUTORELEASING = YES;
				CLANG_WARN_BOOL_CONVERSION = YES;
				CLANG_WARN_COMMA = YES;
				CLANG_WARN_CONSTANT_CONVERSION = YES;
				CLANG_WARN_DIRECT_OBJC_ISA_USAGE = YES_ERROR;
				CLANG_WARN_DOCUMENTATION_COMMENTS = YES;
				CLANG_WARN_EMPTY_BODY = YES;
				CLANG_WARN_ENUM_CONVERSION = YES;
				CLANG_WARN_INFINITE_RECURSION = YES;
				CLANG_WARN_INT_CONVERSION = YES;
				CLANG_WARN_NON_LITERAL_NULL_CONVERSION = YES;
				CLANG_WARN_OBJC_LITERAL_CONVERSION = YES;
				CLANG_WARN_OBJC_ROOT_CLASS = YES_ERROR;
				CLANG_WARN_RANGE_LOOP_ANALYSIS = YES;
				CLANG_WARN_STRICT_PROTOTYPES = YES;
				CLANG_WARN_SUSPICIOUS_MOVE = YES;
				CLANG_WARN_UNGUARDED_AVAILABILITY = YES_AGGRESSIVE;
				CLANG_WARN_UNREACHABLE_CODE = YES;
				CLANG_WARN__DUPLICATE_METHOD_MATCH = YES;
				CODE_SIGN_IDENTITY = "iPhone Developer";
				COPY_PHASE_STRIP = NO;
				DEBUG_INFORMATION_FORMAT = "dwarf-with-dsym";
				ENABLE_NS_ASSERTIONS = NO;
				ENABLE_STRICT_OBJC_MSGSEND = YES;
				GCC_C_LANGUAGE_STANDARD = gnu11;
				GCC_NO_COMMON_BLOCKS = YES;
				GCC_WARN_64_TO_32_BIT_CONVERSION = YES;
				GCC_WARN_ABOUT_RETURN_TYPE = YES_ERROR;
				GCC_WARN_UNDECLARED_SELECTOR = YES;
				GCC_WARN_UNINITIALIZED_AUTOS = YES_AGGRESSIVE;
				GCC_WARN_UNUSED_FUNCTION = YES;
				GCC_WARN_UNUSED_VARIABLE = YES;
				IPHONEOS_DEPLOYMENT_TARGET = 11.0;
				MTL_ENABLE_DEBUG_INFO = NO;
				SDKROOT = iphoneos;
				SWIFT_OPTIMIZATION_LEVEL = "-Owholemodule";
				VALIDATE_PRODUCT = YES;
			};
			name = Release;
		};
		01BD4DF21FB3997500A67DCD /* Debug */ = {
			isa = XCBuildConfiguration;
			buildSettings = {
				ASSETCATALOG_COMPILER_APPICON_NAME = AppIcon;
				CODE_SIGN_STYLE = Automatic;
				DEVELOPMENT_TEAM = 48KFD7RJD2;
				INFOPLIST_FILE = QuotePro/Info.plist;
				LD_RUNPATH_SEARCH_PATHS = "$(inherited) @executable_path/Frameworks";
				PRODUCT_BUNDLE_IDENTIFIER = com.nicholasbfung.QuotePro;
				PRODUCT_NAME = "$(TARGET_NAME)";
				SWIFT_VERSION = 4.0;
				TARGETED_DEVICE_FAMILY = "1,2";
			};
			name = Debug;
		};
		01BD4DF31FB3997500A67DCD /* Release */ = {
			isa = XCBuildConfiguration;
			buildSettings = {
				ASSETCATALOG_COMPILER_APPICON_NAME = AppIcon;
				CODE_SIGN_STYLE = Automatic;
				DEVELOPMENT_TEAM = 48KFD7RJD2;
				INFOPLIST_FILE = QuotePro/Info.plist;
				LD_RUNPATH_SEARCH_PATHS = "$(inherited) @executable_path/Frameworks";
				PRODUCT_BUNDLE_IDENTIFIER = com.nicholasbfung.QuotePro;
				PRODUCT_NAME = "$(TARGET_NAME)";
				SWIFT_VERSION = 4.0;
				TARGETED_DEVICE_FAMILY = "1,2";
			};
			name = Release;
		};
/* End XCBuildConfiguration section */

/* Begin XCConfigurationList section */
		01BD4DDA1FB3997500A67DCD /* Build configuration list for PBXProject "QuotePro" */ = {
			isa = XCConfigurationList;
			buildConfigurations = (
				01BD4DEF1FB3997500A67DCD /* Debug */,
				01BD4DF01FB3997500A67DCD /* Release */,
			);
			defaultConfigurationIsVisible = 0;
			defaultConfigurationName = Release;
		};
		01BD4DF11FB3997500A67DCD /* Build configuration list for PBXNativeTarget "QuotePro" */ = {
			isa = XCConfigurationList;
			buildConfigurations = (
				01BD4DF21FB3997500A67DCD /* Debug */,
				01BD4DF31FB3997500A67DCD /* Release */,
			);
			defaultConfigurationIsVisible = 0;
			defaultConfigurationName = Release;
		};
/* End XCConfigurationList section */
	};
	rootObject = 01BD4DD71FB3997500A67DCD /* Project object */;
}
